
Microsoft Visual Studio Solution File, Format Version 12.00
# Visual Studio 15
VisualStudioVersion = 15.0.28307.705
MinimumVisualStudioVersion = 10.0.40219.1
Project("{00D1A9C2-B5F0-4AF3-8072-F6C62B433612}") = "Database1", "Database1\Database1.sqlproj", "{BE8061EA-4360-407A-95D6-B30508B9CE0D}"
EndProject
Global
	GlobalSection(SolutionConfigurationPlatforms) = preSolution
		Debug|Any CPU = Debug|Any CPU
		Release|Any CPU = Release|Any CPU
	EndGlobalSection
	GlobalSection(ProjectConfigurationPlatforms) = postSolution
		{BE8061EA-4360-407A-95D6-B30508B9CE0D}.Debug|Any CPU.ActiveCfg = Debug|Any CPU
		{BE8061EA-4360-407A-95D6-B30508B9CE0D}.Debug|Any CPU.Build.0 = Debug|Any CPU
		{BE8061EA-4360-407A-95D6-B30508B9CE0D}.Debug|Any CPU.Deploy.0 = Debug|Any CPU
		{BE8061EA-4360-407A-95D6-B30508B9CE0D}.Release|Any CPU.ActiveCfg = Release|Any CPU
		{BE8061EA-4360-407A-95D6-B30508B9CE0D}.Release|Any CPU.Build.0 = Release|Any CPU
		{BE8061EA-4360-407A-95D6-B30508B9CE0D}.Release|Any CPU.Deploy.0 = Release|Any CPU
	EndGlobalSection
	GlobalSection(SolutionProperties) = preSolution
		HideSolutionNode = FALSE
	EndGlobalSection
	GlobalSection(ExtensibilityGlobals) = postSolution
		SolutionGuid = {9EDC9EC3-AA38-4D78-8D96-6D75D6F0C290}
	EndGlobalSection
EndGlobal
